
Microsoft Visual Studio Solution File, Format Version 12.00
# Visual Studio Version 17
VisualStudioVersion = 17.2.32414.248
MinimumVisualStudioVersion = 10.0.40219.1
Project("{FAE04EC0-301F-11D3-BF4B-00C04F79EFBC}") = "ProgramingLangugesLab", "ProgramingLangugesLab\ProgramingLangugesLab.csproj", "{35ED5AC9-3F91-4136-953E-4C9921107867}"
EndProject
Global
	GlobalSection(SolutionConfigurationPlatforms) = preSolution
		Debug|Any CPU = Debug|Any CPU
		Release|Any CPU = Release|Any CPU
	EndGlobalSection
	GlobalSection(ProjectConfigurationPlatforms) = postSolution
		{35ED5AC9-3F91-4136-953E-4C9921107867}.Debug|Any CPU.ActiveCfg = Debug|Any CPU
		{35ED5AC9-3F91-4136-953E-4C9921107867}.Debug|Any CPU.Build.0 = Debug|Any CPU
		{35ED5AC9-3F91-4136-953E-4C9921107867}.Release|Any CPU.ActiveCfg = Release|Any CPU
		{35ED5AC9-3F91-4136-953E-4C9921107867}.Release|Any CPU.Build.0 = Release|Any CPU
	EndGlobalSection
	GlobalSection(SolutionProperties) = preSolution
		HideSolutionNode = FALSE
	EndGlobalSection
	GlobalSection(ExtensibilityGlobals) = postSolution
		SolutionGuid = {AB9EA7DD-4593-4FF9-A0AF-B1AB86256D52}
	EndGlobalSection
EndGlobal
